
Microsoft Visual Studio Solution File, Format Version 12.00
# Visual Studio Version 17
VisualStudioVersion = 17.8.34525.116
MinimumVisualStudioVersion = 10.0.40219.1
Project("{FAE04EC0-301F-11D3-BF4B-00C04F79EFBC}") = "Acessai.Api", "Acessai.Api\Acessai.Api.csproj", "{C9422173-BA5B-40E1-94DE-D518315D2D96}"
EndProject
Project("{FAE04EC0-301F-11D3-BF4B-00C04F79EFBC}") = "Acessai.Domain", "Acessai.Domain\Acessai.Domain.csproj", "{BFF0545C-7027-4327-B50C-30D423E94E46}"
EndProject
Project("{FAE04EC0-301F-11D3-BF4B-00C04F79EFBC}") = "Acessai.Data", "Acessai.Data\Acessai.Data.csproj", "{7F547FB1-E26A-430C-895C-FD97FBDF5014}"
EndProject
Project("{FAE04EC0-301F-11D3-BF4B-00C04F79EFBC}") = "Acessai.Service", "Acessai.Service\Acessai.Service.csproj", "{3A203E33-3240-4D05-BF3B-2EA4921A5B3E}"
EndProject
Global
	GlobalSection(SolutionConfigurationPlatforms) = preSolution
		Debug|Any CPU = Debug|Any CPU
		Release|Any CPU = Release|Any CPU
	EndGlobalSection
	GlobalSection(ProjectConfigurationPlatforms) = postSolution
		{C9422173-BA5B-40E1-94DE-D518315D2D96}.Debug|Any CPU.ActiveCfg = Debug|Any CPU
		{C9422173-BA5B-40E1-94DE-D518315D2D96}.Debug|Any CPU.Build.0 = Debug|Any CPU
		{C9422173-BA5B-40E1-94DE-D518315D2D96}.Release|Any CPU.ActiveCfg = Release|Any CPU
		{C9422173-BA5B-40E1-94DE-D518315D2D96}.Release|Any CPU.Build.0 = Release|Any CPU
		{BFF0545C-7027-4327-B50C-30D423E94E46}.Debug|Any CPU.ActiveCfg = Debug|Any CPU
		{BFF0545C-7027-4327-B50C-30D423E94E46}.Debug|Any CPU.Build.0 = Debug|Any CPU
		{BFF0545C-7027-4327-B50C-30D423E94E46}.Release|Any CPU.ActiveCfg = Release|Any CPU
		{BFF0545C-7027-4327-B50C-30D423E94E46}.Release|Any CPU.Build.0 = Release|Any CPU
		{7F547FB1-E26A-430C-895C-FD97FBDF5014}.Debug|Any CPU.ActiveCfg = Debug|Any CPU
		{7F547FB1-E26A-430C-895C-FD97FBDF5014}.Debug|Any CPU.Build.0 = Debug|Any CPU
		{7F547FB1-E26A-430C-895C-FD97FBDF5014}.Release|Any CPU.ActiveCfg = Release|Any CPU
		{7F547FB1-E26A-430C-895C-FD97FBDF5014}.Release|Any CPU.Build.0 = Release|Any CPU
		{3A203E33-3240-4D05-BF3B-2EA4921A5B3E}.Debug|Any CPU.ActiveCfg = Debug|Any CPU
		{3A203E33-3240-4D05-BF3B-2EA4921A5B3E}.Debug|Any CPU.Build.0 = Debug|Any CPU
		{3A203E33-3240-4D05-BF3B-2EA4921A5B3E}.Release|Any CPU.ActiveCfg = Release|Any CPU
		{3A203E33-3240-4D05-BF3B-2EA4921A5B3E}.Release|Any CPU.Build.0 = Release|Any CPU
	EndGlobalSection
	GlobalSection(SolutionProperties) = preSolution
		HideSolutionNode = FALSE
	EndGlobalSection
	GlobalSection(ExtensibilityGlobals) = postSolution
		SolutionGuid = {4C38A3DB-E0FB-4554-BB81-6B7560CE7555}
	EndGlobalSection
EndGlobal
